
Microsoft Visual Studio Solution File, Format Version 12.00
Project("{FAE04EC0-301F-11D3-BF4B-00C04F79EFBC}") = "DecembristChatBotSharp", "DecembristChatBotSharp\DecembristChatBotSharp.csproj", "{3456E676-2C81-4073-BBB2-5078F9A4496C}"
EndProject
Global
	GlobalSection(SolutionConfigurationPlatforms) = preSolution
		Debug|Any CPU = Debug|Any CPU
		Release|Any CPU = Release|Any CPU
	EndGlobalSection
	GlobalSection(ProjectConfigurationPlatforms) = postSolution
		{3456E676-2C81-4073-BBB2-5078F9A4496C}.Debug|Any CPU.ActiveCfg = Debug|Any CPU
		{3456E676-2C81-4073-BBB2-5078F9A4496C}.Debug|Any CPU.Build.0 = Debug|Any CPU
		{3456E676-2C81-4073-BBB2-5078F9A4496C}.Release|Any CPU.ActiveCfg = Release|Any CPU
		{3456E676-2C81-4073-BBB2-5078F9A4496C}.Release|Any CPU.Build.0 = Release|Any CPU
	EndGlobalSection
EndGlobal
